<?xml version="1.0" encoding="utf-8"?>
<Project ToolsVersion="4.0" xmlns="http://schemas.microsoft.com/developer/msbuild/2003">
  <ItemGroup>
    <Filter Include="Default">
      <UniqueIdentifier>{e9a9f7d0-7ea7-407c-bacf-98815978ff46}</UniqueIdentifier>
    </Filter>
    <Filter Include="Script">
      <UniqueIdentifier>{cce46bde-f316-4bc1-b36a-2c6805b1f2e3}</UniqueIdentifier>
    </Filter>
    <Filter Include="Script\02. UI">
      <UniqueIdentifier>{fc9f9799-2a54-4fd6-8369-148af1c8926d}</UniqueIdentifier>
    </Filter>
    <Filter Include="Script\02. UI\Camera">
      <UniqueIdentifier>{fc87b424-a756-4f25-aa92-1b8b7e3fe108}</UniqueIdentifier>
    </Filter>
    <Filter Include="Script\02. UI\Cursor">
      <UniqueIdentifier>{7a80adb0-028b-48d4-8d0b-57a745a17909}</UniqueIdentifier>
    </Filter>
    <Filter Include="Script\01. Physics">
      <UniqueIdentifier>{aecf24a1-a3a1-40f6-8c30-f51d868ddb7d}</UniqueIdentifier>
    </Filter>
    <Filter Include="Script\01. Physics\Gravity">
      <UniqueIdentifier>{98d1ff0c-8a00-4a82-9198-cf3991f9b615}</UniqueIdentifier>
    </Filter>
    <Filter Include="Script\01. Physics\RigidBody">
      <UniqueIdentifier>{c8f12fca-2f06-47e6-bd07-23856914e664}</UniqueIdentifier>
    </Filter>
    <Filter Include="Script\03. Object">
      <UniqueIdentifier>{bd66da74-078f-4138-a1cb-edd2ddb0d73b}</UniqueIdentifier>
    </Filter>
    <Filter Include="Script\03. Object\Player">
      <UniqueIdentifier>{16f1095f-00d4-42d7-8ed5-f084af8e40c4}</UniqueIdentifier>
    </Filter>
    <Filter Include="Script\03. Object\Monster">
      <UniqueIdentifier>{27a4a56a-4697-447f-9210-72e620d3213d}</UniqueIdentifier>
    </Filter>
    <Filter Include="Script\03. Object\Ground">
      <UniqueIdentifier>{bee3c3a9-693f-4b3a-923a-bd8050bc2388}</UniqueIdentifier>
    </Filter>
    <Filter Include="Script\03. Object\Ball">
      <UniqueIdentifier>{e4f636f9-dab4-4354-8283-91b585d4bc87}</UniqueIdentifier>
    </Filter>
    <Filter Include="Script\04. Effect">
      <UniqueIdentifier>{aa9d4192-9a14-4af8-b5d9-53c5814d9edc}</UniqueIdentifier>
    </Filter>
    <Filter Include="Script\04. Effect\PaperBurn">
      <UniqueIdentifier>{496344d4-acd8-4f89-a001-a6a0b3be0bb5}</UniqueIdentifier>
    </Filter>
    <Filter Include="Script\03. Object\BackGround">
      <UniqueIdentifier>{ab160730-930f-48c8-93ca-d5ad077859bc}</UniqueIdentifier>
    </Filter>
    <Filter Include="Script\03. Object\Damage">
      <UniqueIdentifier>{d3fd387c-21cc-4d3f-a1ff-7574b5aad849}</UniqueIdentifier>
    </Filter>
    <Filter Include="Script\05. State">
      <UniqueIdentifier>{feb89250-c157-4095-b16f-1bc55983201d}</UniqueIdentifier>
    </Filter>
    <Filter Include="Script\05. State\Idle">
      <UniqueIdentifier>{12455068-a93b-4fec-afef-6b1e7fd2b762}</UniqueIdentifier>
    </Filter>
    <Filter Include="Script\05. State\Attack">
      <UniqueIdentifier>{8d71bbdc-1731-4888-9b65-074b85064ed2}</UniqueIdentifier>
    </Filter>
    <Filter Include="Script\05. State\Dead">
      <UniqueIdentifier>{dd3607a9-f4e4-4ffd-8bbf-a0277daebc5f}</UniqueIdentifier>
    </Filter>
    <Filter Include="Script\05. State\Trace">
      <UniqueIdentifier>{41f63599-adba-4115-b141-f39438a56c30}</UniqueIdentifier>
    </Filter>
    <Filter Include="Script\05. State\AI">
      <UniqueIdentifier>{588e746f-1427-4f4a-9d5c-cba69eef69d7}</UniqueIdentifier>
    </Filter>
    <Filter Include="Script\03. Object\Monster\MonsterFactory">
      <UniqueIdentifier>{bb6033de-8a14-4337-bc66-9d8fb12a8f50}</UniqueIdentifier>
    </Filter>
    <Filter Include="Script\05. State\Patrol">
      <UniqueIdentifier>{0b054e5b-fd54-4381-9b7c-a3104192c3f4}</UniqueIdentifier>
    </Filter>
    <Filter Include="Script\03. Object\Ball\BasicBall">
      <UniqueIdentifier>{4a203aeb-d114-434d-b66f-a299c37f70f6}</UniqueIdentifier>
    </Filter>
    <Filter Include="Script\03. Object\DoubleJumpEff">
      <UniqueIdentifier>{78b8e329-9e4d-43ff-8cc0-d6e6fe11b983}</UniqueIdentifier>
    </Filter>
    <Filter Include="Script\03. Object\Skill">
      <UniqueIdentifier>{7ab3cb77-204a-4d77-ad0a-5c62ebe57803}</UniqueIdentifier>
    </Filter>
    <Filter Include="Script\02. UI\Inventory">
      <UniqueIdentifier>{1d61b9d1-5cc1-4958-a9ff-b2064aebaa54}</UniqueIdentifier>
    </Filter>
    <Filter Include="Script\02. UI\Exp">
      <UniqueIdentifier>{f1aef136-ba43-4046-9ad9-df256f3b8ca4}</UniqueIdentifier>
    </Filter>
    <Filter Include="Script\02. UI\Inventory\Equip">
      <UniqueIdentifier>{02189978-6eda-4b40-823a-c9f8fcb6dedd}</UniqueIdentifier>
    </Filter>
    <Filter Include="Script\02. UI\Button">
      <UniqueIdentifier>{2e1a05b6-80ae-4dc9-8b9a-be4acbd45c18}</UniqueIdentifier>
    </Filter>
    <Filter Include="Script\02. UI\Inventory\Consume">
      <UniqueIdentifier>{8ae92e3b-8759-4977-8cac-c33b6ebd5616}</UniqueIdentifier>
    </Filter>
    <Filter Include="Script\02. UI\Inventory\Etc">
      <UniqueIdentifier>{b8a24a0e-6a97-4d8c-a77b-80f6d997c734}</UniqueIdentifier>
    </Filter>
    <Filter Include="Script\03. Object\Item">
      <UniqueIdentifier>{43abf150-4c4e-4076-97ca-fe416395e1ce}</UniqueIdentifier>
    </Filter>
    <Filter Include="Script\02. UI\MainBar">
      <UniqueIdentifier>{79fbcdfe-f892-4896-b2ec-33bc189fde0e}</UniqueIdentifier>
    </Filter>
    <Filter Include="Script\02. UI\HP/MP">
      <UniqueIdentifier>{6dc2f0f3-5aaf-48b4-b2ea-08fd7bc4a749}</UniqueIdentifier>
    </Filter>
    <Filter Include="Script\02. UI\Number">
      <UniqueIdentifier>{f17cbb26-9b53-432c-9b21-e732b82d7bd2}</UniqueIdentifier>
    </Filter>
    <Filter Include="Script\03. Object\BackGround\Cloud">
      <UniqueIdentifier>{c3132b5a-874e-4618-955f-7153822f4f76}</UniqueIdentifier>
    </Filter>
    <Filter Include="Script\03. Object\Skill\BossMobSkill">
      <UniqueIdentifier>{3b27e8ad-3d59-45be-896d-2ee8368c7734}</UniqueIdentifier>
    </Filter>
    <Filter Include="Script\03. Object\Wall">
      <UniqueIdentifier>{25879a9b-8740-4cd8-986b-2ffc15b4ed70}</UniqueIdentifier>
    </Filter>
    <Filter Include="Script\03. Object\Ground\CreateMobGround">
      <UniqueIdentifier>{d953ed75-bba3-46ca-862a-89d07620fd0d}</UniqueIdentifier>
    </Filter>
    <Filter Include="Script\03. Object\Portal">
      <UniqueIdentifier>{800f77cf-c1e2-439e-b019-86fe171f68ae}</UniqueIdentifier>
    </Filter>
    <Filter Include="Script\02. UI\SceneStart">
      <UniqueIdentifier>{cd736559-05c9-48c6-af9f-36d95e251ee1}</UniqueIdentifier>
    </Filter>
    <Filter Include="Script\02. UI\QuickSlot">
      <UniqueIdentifier>{481139e9-8791-4b18-92a8-087563369633}</UniqueIdentifier>
    </Filter>
    <Filter Include="Script\05. State\Hit">
      <UniqueIdentifier>{cb416360-ddb1-44e1-8dd8-50d067c290f4}</UniqueIdentifier>
    </Filter>
    <Filter Include="Script\03. Object\RopeLadder">
      <UniqueIdentifier>{81642b9c-c2e3-49b2-bff3-6184becefb8d}</UniqueIdentifier>
    </Filter>
    <Filter Include="Script\02. UI\Stat">
      <UniqueIdentifier>{35db41f6-58f0-4173-9767-13d94d056c5b}</UniqueIdentifier>
    </Filter>
    <Filter Include="Script\04. Effect\AnimOnce">
      <UniqueIdentifier>{9f6e1531-117c-451a-9cf0-48ee03da7144}</UniqueIdentifier>
    </Filter>
    <Filter Include="Script\02. UI\Timer">
      <UniqueIdentifier>{c0533c4e-b14b-484d-8eb4-50b51b3b5a25}</UniqueIdentifier>
    </Filter>
    <Filter Include="Script\02. UI\BossBar">
      <UniqueIdentifier>{da9e86f3-c6a3-433e-beec-b250623f4304}</UniqueIdentifier>
    </Filter>
    <Filter Include="Script\02. UI\BossBar\BossHPBar">
      <UniqueIdentifier>{76094db4-db5a-4a28-a458-7a4ad6d78f87}</UniqueIdentifier>
    </Filter>
    <Filter Include="Script\02. UI\DieNotice">
      <UniqueIdentifier>{78e49ca8-4896-4b7b-a56d-d1e118b56676}</UniqueIdentifier>
    </Filter>
    <Filter Include="Script\03. Object\NPC">
      <UniqueIdentifier>{d70f975f-0171-4748-8e89-a8e20f2684b5}</UniqueIdentifier>
    </Filter>
    <Filter Include="Script\02. UI\ShowInfo">
      <UniqueIdentifier>{f6150198-64d0-4deb-beaa-ed3237554b93}</UniqueIdentifier>
    </Filter>
  </ItemGroup>
  <ItemGroup>
    <ClInclude Include="framework.h">
      <Filter>Default</Filter>
    </ClInclude>
    <ClInclude Include="pch.h">
      <Filter>Default</Filter>
    </ClInclude>
    <ClInclude Include="CScriptMgr.h" />
    <ClInclude Include="CMissileScript.h">
      <Filter>Script</Filter>
    </ClInclude>
    <ClInclude Include="CSceneSaveLoad.h" />
    <ClInclude Include="CRigidBodyScript.h">
      <Filter>Script\01. Physics\RigidBody</Filter>
    </ClInclude>
    <ClInclude Include="CGravityScript.h">
      <Filter>Script\01. Physics\Gravity</Filter>
    </ClInclude>
    <ClInclude Include="CCameraMoveScript.h">
      <Filter>Script\02. UI\Camera</Filter>
    </ClInclude>
    <ClInclude Include="CCursorScript.h">
      <Filter>Script\02. UI\Cursor</Filter>
    </ClInclude>
    <ClInclude Include="CPlayerScript.h">
      <Filter>Script\03. Object\Player</Filter>
    </ClInclude>
    <ClInclude Include="CGroundScript.h">
      <Filter>Script\03. Object\Ground</Filter>
    </ClInclude>
    <ClInclude Include="CPaperBurnScript.h">
      <Filter>Script\04. Effect\PaperBurn</Filter>
    </ClInclude>
    <ClInclude Include="CBackGroundScript.h">
      <Filter>Script\03. Object\BackGround</Filter>
    </ClInclude>
    <ClInclude Include="CameraPlayerMoveScript.h">
      <Filter>Script\02. UI\Camera</Filter>
    </ClInclude>
    <ClInclude Include="CDamageScript.h">
      <Filter>Script\03. Object\Damage</Filter>
    </ClInclude>
    <ClInclude Include="CAIScript.h">
      <Filter>Script\05. State\AI</Filter>
    </ClInclude>
    <ClInclude Include="CStateScript.h">
      <Filter>Script\05. State</Filter>
    </ClInclude>
    <ClInclude Include="CIdleStateScript.h">
      <Filter>Script\05. State\Idle</Filter>
    </ClInclude>
    <ClInclude Include="CTraceStateScript.h">
      <Filter>Script\05. State\Trace</Filter>
    </ClInclude>
    <ClInclude Include="CMonsterScript.h">
      <Filter>Script\03. Object\Monster</Filter>
    </ClInclude>
    <ClInclude Include="CMonsterFactoryScript.h">
      <Filter>Script\03. Object\Monster\MonsterFactory</Filter>
    </ClInclude>
    <ClInclude Include="CAttackStateScript.h">
      <Filter>Script\05. State\Attack</Filter>
    </ClInclude>
    <ClInclude Include="CDeadStateScript.h">
      <Filter>Script\05. State\Dead</Filter>
    </ClInclude>
    <ClInclude Include="CPatrolStateScript.h">
      <Filter>Script\05. State\Patrol</Filter>
    </ClInclude>
    <ClInclude Include="CBasicBallScript.h">
      <Filter>Script\03. Object\Ball\BasicBall</Filter>
    </ClInclude>
    <ClInclude Include="CDoubleJumpScript.h">
      <Filter>Script\03. Object\DoubleJumpEff</Filter>
    </ClInclude>
    <ClInclude Include="CSkillScript.h">
      <Filter>Script\03. Object\Skill</Filter>
    </ClInclude>
    <ClInclude Include="CSkillnearScript.h">
      <Filter>Script\03. Object\Skill</Filter>
    </ClInclude>
    <ClInclude Include="CButtonScript.h">
      <Filter>Script\02. UI\Button</Filter>
    </ClInclude>
    <ClInclude Include="CConsumeScript.h">
      <Filter>Script\02. UI\Inventory\Consume</Filter>
    </ClInclude>
    <ClInclude Include="CItemScript.h">
      <Filter>Script\03. Object\Item</Filter>
    </ClInclude>
    <ClInclude Include="CInventoryScript.h">
      <Filter>Script\02. UI\Inventory</Filter>
    </ClInclude>
    <ClInclude Include="CExpScript.h">
      <Filter>Script\02. UI\Exp</Filter>
    </ClInclude>
    <ClInclude Include="CMainBarScript.h">
      <Filter>Script\02. UI\MainBar</Filter>
    </ClInclude>
    <ClInclude Include="CHpScript.h">
      <Filter>Script\02. UI\HP/MP</Filter>
    </ClInclude>
    <ClInclude Include="CMpScript.h">
      <Filter>Script\02. UI\HP/MP</Filter>
    </ClInclude>
    <ClInclude Include="CNumberScript.h">
      <Filter>Script\02. UI\Number</Filter>
    </ClInclude>
    <ClInclude Include="CCloudScript.h">
      <Filter>Script\03. Object\BackGround\Cloud</Filter>
    </ClInclude>
    <ClInclude Include="CBossMonsterScript.h">
      <Filter>Script\03. Object\Monster</Filter>
    </ClInclude>
    <ClInclude Include="CLaunchSkillScript.h">
      <Filter>Script\03. Object\Skill\BossMobSkill</Filter>
    </ClInclude>
    <ClInclude Include="CWallScript.h">
      <Filter>Script\03. Object\Wall</Filter>
    </ClInclude>
    <ClInclude Include="CMobGroundScript.h">
      <Filter>Script\03. Object\Ground\CreateMobGround</Filter>
    </ClInclude>
    <ClInclude Include="CPortalScript.h">
      <Filter>Script\03. Object\Portal</Filter>
    </ClInclude>
    <ClInclude Include="CSceneStartScript.h">
      <Filter>Script\02. UI\SceneStart</Filter>
    </ClInclude>
    <ClInclude Include="CQuickSlotScript.h">
      <Filter>Script\02. UI\QuickSlot</Filter>
    </ClInclude>
    <ClInclude Include="CHitScript.h">
      <Filter>Script\05. State\Hit</Filter>
    </ClInclude>
    <ClInclude Include="CRopeScript.h">
      <Filter>Script\03. Object\RopeLadder</Filter>
    </ClInclude>
    <ClInclude Include="CStatScript.h">
      <Filter>Script\02. UI\Stat</Filter>
    </ClInclude>
    <ClInclude Include="CAnimOnceScript.h">
      <Filter>Script\04. Effect\AnimOnce</Filter>
    </ClInclude>
    <ClInclude Include="CTimerScript.h">
      <Filter>Script\02. UI\Timer</Filter>
    </ClInclude>
    <ClInclude Include="CBossHPBarScript.h">
      <Filter>Script\02. UI\BossBar\BossHPBar</Filter>
    </ClInclude>
    <ClInclude Include="CDieNoticeScript.h">
      <Filter>Script\02. UI\DieNotice</Filter>
    </ClInclude>
    <ClInclude Include="CBossNPCScript.h">
      <Filter>Script\03. Object\NPC</Filter>
    </ClInclude>
    <ClInclude Include="CShowInfoScript.h">
      <Filter>Script\02. UI\ShowInfo</Filter>
    </ClInclude>
  </ItemGroup>
  <ItemGroup>
    <ClCompile Include="pch.cpp">
      <Filter>Default</Filter>
    </ClCompile>
    <ClCompile Include="Script.cpp">
      <Filter>Default</Filter>
    </ClCompile>
    <ClCompile Include="CScriptMgr.cpp" />
    <ClCompile Include="CMissileScript.cpp">
      <Filter>Script</Filter>
    </ClCompile>
    <ClCompile Include="CSceneSaveLoad.cpp" />
    <ClCompile Include="CRigidBodyScript.cpp">
      <Filter>Script\01. Physics\RigidBody</Filter>
    </ClCompile>
    <ClCompile Include="CGravityScript.cpp">
      <Filter>Script\01. Physics\Gravity</Filter>
    </ClCompile>
    <ClCompile Include="CCameraMoveScript.cpp">
      <Filter>Script\02. UI\Camera</Filter>
    </ClCompile>
    <ClCompile Include="CCursorScript.cpp">
      <Filter>Script\02. UI\Cursor</Filter>
    </ClCompile>
    <ClCompile Include="CPlayerScript.cpp">
      <Filter>Script\03. Object\Player</Filter>
    </ClCompile>
    <ClCompile Include="CGroundScript.cpp">
      <Filter>Script\03. Object\Ground</Filter>
    </ClCompile>
    <ClCompile Include="CPaperBurnScript.cpp">
      <Filter>Script\04. Effect\PaperBurn</Filter>
    </ClCompile>
    <ClCompile Include="CBackGroundScript.cpp">
      <Filter>Script\03. Object\BackGround</Filter>
    </ClCompile>
    <ClCompile Include="CameraPlayerMoveScript.cpp">
      <Filter>Script\02. UI\Camera</Filter>
    </ClCompile>
    <ClCompile Include="CDamageScript.cpp">
      <Filter>Script\03. Object\Damage</Filter>
    </ClCompile>
    <ClCompile Include="CAIScript.cpp">
      <Filter>Script\05. State\AI</Filter>
    </ClCompile>
    <ClCompile Include="CStateScript.cpp">
      <Filter>Script\05. State</Filter>
    </ClCompile>
    <ClCompile Include="CIdleStateScript.cpp">
      <Filter>Script\05. State\Idle</Filter>
    </ClCompile>
    <ClCompile Include="CTraceStateScript.cpp">
      <Filter>Script\05. State\Trace</Filter>
    </ClCompile>
    <ClCompile Include="CMonsterScript.cpp">
      <Filter>Script\03. Object\Monster</Filter>
    </ClCompile>
    <ClCompile Include="CMonsterFactoryScript.cpp">
      <Filter>Script\03. Object\Monster\MonsterFactory</Filter>
    </ClCompile>
    <ClCompile Include="CAttackStateScript.cpp">
      <Filter>Script\05. State\Attack</Filter>
    </ClCompile>
    <ClCompile Include="CDeadStateScript.cpp">
      <Filter>Script\05. State\Dead</Filter>
    </ClCompile>
    <ClCompile Include="CPatrolStateScript.cpp">
      <Filter>Script\05. State\Patrol</Filter>
    </ClCompile>
    <ClCompile Include="CBasicBallScript.cpp">
      <Filter>Script\03. Object\Ball\BasicBall</Filter>
    </ClCompile>
    <ClCompile Include="CDoubleJumpScript.cpp">
      <Filter>Script\03. Object\DoubleJumpEff</Filter>
    </ClCompile>
    <ClCompile Include="CSkillScript.cpp">
      <Filter>Script\03. Object\Skill</Filter>
    </ClCompile>
    <ClCompile Include="CSkillnearScript.cpp">
      <Filter>Script\03. Object\Skill</Filter>
    </ClCompile>
    <ClCompile Include="CButtonScript.cpp">
      <Filter>Script\02. UI\Button</Filter>
    </ClCompile>
    <ClCompile Include="CConsumeScript.cpp">
      <Filter>Script\02. UI\Inventory\Consume</Filter>
    </ClCompile>
    <ClCompile Include="CItemScript.cpp">
      <Filter>Script\03. Object\Item</Filter>
    </ClCompile>
    <ClCompile Include="CInventoryScript.cpp">
      <Filter>Script\02. UI\Inventory</Filter>
    </ClCompile>
    <ClCompile Include="CExpScript.cpp">
      <Filter>Script\02. UI\Exp</Filter>
    </ClCompile>
    <ClCompile Include="CMainBarScript.cpp">
      <Filter>Script\02. UI\MainBar</Filter>
    </ClCompile>
    <ClCompile Include="CHpScript.cpp">
      <Filter>Script\02. UI\HP/MP</Filter>
    </ClCompile>
    <ClCompile Include="CMpScript.cpp">
      <Filter>Script\02. UI\HP/MP</Filter>
    </ClCompile>
    <ClCompile Include="CNumberScript.cpp">
      <Filter>Script\02. UI\Number</Filter>
    </ClCompile>
    <ClCompile Include="CCloudScript.cpp">
      <Filter>Script\03. Object\BackGround\Cloud</Filter>
    </ClCompile>
    <ClCompile Include="CBossMonsterScript.cpp">
      <Filter>Script\03. Object\Monster</Filter>
    </ClCompile>
    <ClCompile Include="CWallScript.cpp">
      <Filter>Script\03. Object\Wall</Filter>
    </ClCompile>
    <ClCompile Include="CMobGroundScript.cpp">
      <Filter>Script\03. Object\Ground\CreateMobGround</Filter>
    </ClCompile>
    <ClCompile Include="CPortalScript.cpp">
      <Filter>Script\03. Object\Portal</Filter>
    </ClCompile>
    <ClCompile Include="CSceneStartScript.cpp">
      <Filter>Script\02. UI\SceneStart</Filter>
    </ClCompile>
    <ClCompile Include="CQuickSlotScript.cpp">
      <Filter>Script\02. UI\QuickSlot</Filter>
    </ClCompile>
    <ClCompile Include="CHitScript.cpp">
      <Filter>Script\05. State\Hit</Filter>
    </ClCompile>
    <ClCompile Include="CRopeScript.cpp">
      <Filter>Script\03. Object\RopeLadder</Filter>
    </ClCompile>
    <ClCompile Include="CStatScript.cpp">
      <Filter>Script\02. UI\Stat</Filter>
    </ClCompile>
    <ClCompile Include="CLaunchSkillScript.cpp">
      <Filter>Script\03. Object\Skill\BossMobSkill</Filter>
    </ClCompile>
    <ClCompile Include="CAnimOnceScript.cpp">
      <Filter>Script\04. Effect\AnimOnce</Filter>
    </ClCompile>
    <ClCompile Include="CTimerScript.cpp">
      <Filter>Script\02. UI\Timer</Filter>
    </ClCompile>
    <ClCompile Include="CBossHPBarScript.cpp">
      <Filter>Script\02. UI\BossBar\BossHPBar</Filter>
    </ClCompile>
    <ClCompile Include="CDieNoticeScript.cpp">
      <Filter>Script\02. UI\DieNotice</Filter>
    </ClCompile>
    <ClCompile Include="CBossNPCScript.cpp">
      <Filter>Script\03. Object\NPC</Filter>
    </ClCompile>
    <ClCompile Include="CShowInfoScript.cpp">
      <Filter>Script\02. UI\ShowInfo</Filter>
    </ClCompile>
  </ItemGroup>
</Project>