<?xml version="1.0" encoding="utf-8"?>
<Project ToolsVersion="4.0" xmlns="http://schemas.microsoft.com/developer/msbuild/2003">
  <ItemGroup>
    <Filter Include="Default">
      <UniqueIdentifier>{e9a9f7d0-7ea7-407c-bacf-98815978ff46}</UniqueIdentifier>
    </Filter>
    <Filter Include="Script">
      <UniqueIdentifier>{cce46bde-f316-4bc1-b36a-2c6805b1f2e3}</UniqueIdentifier>
    </Filter>
    <Filter Include="Script\02. UI">
      <UniqueIdentifier>{fc9f9799-2a54-4fd6-8369-148af1c8926d}</UniqueIdentifier>
    </Filter>
    <Filter Include="Script\02. UI\Camera">
      <UniqueIdentifier>{fc87b424-a756-4f25-aa92-1b8b7e3fe108}</UniqueIdentifier>
    </Filter>
    <Filter Include="Script\02. UI\Cursor">
      <UniqueIdentifier>{7a80adb0-028b-48d4-8d0b-57a745a17909}</UniqueIdentifier>
    </Filter>
    <Filter Include="Script\01. Physics">
      <UniqueIdentifier>{aecf24a1-a3a1-40f6-8c30-f51d868ddb7d}</UniqueIdentifier>
    </Filter>
    <Filter Include="Script\01. Physics\Gravity">
      <UniqueIdentifier>{98d1ff0c-8a00-4a82-9198-cf3991f9b615}</UniqueIdentifier>
    </Filter>
    <Filter Include="Script\01. Physics\RigidBody">
      <UniqueIdentifier>{c8f12fca-2f06-47e6-bd07-23856914e664}</UniqueIdentifier>
    </Filter>
    <Filter Include="Script\03. Object">
      <UniqueIdentifier>{bd66da74-078f-4138-a1cb-edd2ddb0d73b}</UniqueIdentifier>
    </Filter>
    <Filter Include="Script\03. Object\Player">
      <UniqueIdentifier>{16f1095f-00d4-42d7-8ed5-f084af8e40c4}</UniqueIdentifier>
    </Filter>
    <Filter Include="Script\03. Object\Monster">
      <UniqueIdentifier>{27a4a56a-4697-447f-9210-72e620d3213d}</UniqueIdentifier>
    </Filter>
    <Filter Include="Script\03. Object\Ground">
      <UniqueIdentifier>{bee3c3a9-693f-4b3a-923a-bd8050bc2388}</UniqueIdentifier>
    </Filter>
    <Filter Include="Script\03. Object\Ball">
      <UniqueIdentifier>{e4f636f9-dab4-4354-8283-91b585d4bc87}</UniqueIdentifier>
    </Filter>
    <Filter Include="Script\04. Effect">
      <UniqueIdentifier>{aa9d4192-9a14-4af8-b5d9-53c5814d9edc}</UniqueIdentifier>
    </Filter>
    <Filter Include="Script\04. Effect\PaperBurn">
      <UniqueIdentifier>{496344d4-acd8-4f89-a001-a6a0b3be0bb5}</UniqueIdentifier>
    </Filter>
    <Filter Include="Script\03. Object\BackGround">
      <UniqueIdentifier>{ab160730-930f-48c8-93ca-d5ad077859bc}</UniqueIdentifier>
    </Filter>
    <Filter Include="Script\03. Object\Damage">
      <UniqueIdentifier>{d3fd387c-21cc-4d3f-a1ff-7574b5aad849}</UniqueIdentifier>
    </Filter>
    <Filter Include="Script\05. State">
      <UniqueIdentifier>{feb89250-c157-4095-b16f-1bc55983201d}</UniqueIdentifier>
    </Filter>
    <Filter Include="Script\05. State\Idle">
      <UniqueIdentifier>{12455068-a93b-4fec-afef-6b1e7fd2b762}</UniqueIdentifier>
    </Filter>
    <Filter Include="Script\05. State\Attack">
      <UniqueIdentifier>{8d71bbdc-1731-4888-9b65-074b85064ed2}</UniqueIdentifier>
    </Filter>
    <Filter Include="Script\05. State\Dead">
      <UniqueIdentifier>{dd3607a9-f4e4-4ffd-8bbf-a0277daebc5f}</UniqueIdentifier>
    </Filter>
    <Filter Include="Script\05. State\Trace">
      <UniqueIdentifier>{41f63599-adba-4115-b141-f39438a56c30}</UniqueIdentifier>
    </Filter>
    <Filter Include="Script\05. State\AI">
      <UniqueIdentifier>{588e746f-1427-4f4a-9d5c-cba69eef69d7}</UniqueIdentifier>
    </Filter>
    <Filter Include="Script\03. Object\Monster\MonsterFactory">
      <UniqueIdentifier>{bb6033de-8a14-4337-bc66-9d8fb12a8f50}</UniqueIdentifier>
    </Filter>
    <Filter Include="Script\05. State\Patrol">
      <UniqueIdentifier>{0b054e5b-fd54-4381-9b7c-a3104192c3f4}</UniqueIdentifier>
    </Filter>
    <Filter Include="Script\03. Object\Ball\BasicBall">
      <UniqueIdentifier>{4a203aeb-d114-434d-b66f-a299c37f70f6}</UniqueIdentifier>
    </Filter>
    <Filter Include="Script\03. Object\DoubleJumpEff">
      <UniqueIdentifier>{78b8e329-9e4d-43ff-8cc0-d6e6fe11b983}</UniqueIdentifier>
    </Filter>
  </ItemGroup>
  <ItemGroup>
    <ClInclude Include="framework.h">
      <Filter>Default</Filter>
    </ClInclude>
    <ClInclude Include="pch.h">
      <Filter>Default</Filter>
    </ClInclude>
    <ClInclude Include="CScriptMgr.h" />
    <ClInclude Include="CMissileScript.h">
      <Filter>Script</Filter>
    </ClInclude>
    <ClInclude Include="CSceneSaveLoad.h" />
    <ClInclude Include="CRigidBodyScript.h">
      <Filter>Script\01. Physics\RigidBody</Filter>
    </ClInclude>
    <ClInclude Include="CGravityScript.h">
      <Filter>Script\01. Physics\Gravity</Filter>
    </ClInclude>
    <ClInclude Include="CCameraMoveScript.h">
      <Filter>Script\02. UI\Camera</Filter>
    </ClInclude>
    <ClInclude Include="CCursorScript.h">
      <Filter>Script\02. UI\Cursor</Filter>
    </ClInclude>
    <ClInclude Include="CPlayerScript.h">
      <Filter>Script\03. Object\Player</Filter>
    </ClInclude>
    <ClInclude Include="CGroundScript.h">
      <Filter>Script\03. Object\Ground</Filter>
    </ClInclude>
    <ClInclude Include="CPaperBurnScript.h">
      <Filter>Script\04. Effect\PaperBurn</Filter>
    </ClInclude>
    <ClInclude Include="CBackGroundScript.h">
      <Filter>Script\03. Object\BackGround</Filter>
    </ClInclude>
    <ClInclude Include="CameraPlayerMoveScript.h">
      <Filter>Script\02. UI\Camera</Filter>
    </ClInclude>
    <ClInclude Include="CDamageScript.h">
      <Filter>Script\03. Object\Damage</Filter>
    </ClInclude>
    <ClInclude Include="CAIScript.h">
      <Filter>Script\05. State\AI</Filter>
    </ClInclude>
    <ClInclude Include="CStateScript.h">
      <Filter>Script\05. State</Filter>
    </ClInclude>
    <ClInclude Include="CIdleStateScript.h">
      <Filter>Script\05. State\Idle</Filter>
    </ClInclude>
    <ClInclude Include="CTraceStateScript.h">
      <Filter>Script\05. State\Trace</Filter>
    </ClInclude>
    <ClInclude Include="CMonsterScript.h">
      <Filter>Script\03. Object\Monster</Filter>
    </ClInclude>
    <ClInclude Include="CMonsterFactoryScript.h">
      <Filter>Script\03. Object\Monster\MonsterFactory</Filter>
    </ClInclude>
    <ClInclude Include="CAttackStateScript.h">
      <Filter>Script\05. State\Attack</Filter>
    </ClInclude>
    <ClInclude Include="CDeadStateScript.h">
      <Filter>Script\05. State\Dead</Filter>
    </ClInclude>
    <ClInclude Include="CPatrolStateScript.h">
      <Filter>Script\05. State\Patrol</Filter>
    </ClInclude>
    <ClInclude Include="CBasicBallScript.h">
      <Filter>Script\03. Object\Ball\BasicBall</Filter>
    </ClInclude>
    <ClInclude Include="CDoubleJumpScript.h">
      <Filter>Script\03. Object\DoubleJumpEff</Filter>
    </ClInclude>
  </ItemGroup>
  <ItemGroup>
    <ClCompile Include="pch.cpp">
      <Filter>Default</Filter>
    </ClCompile>
    <ClCompile Include="Script.cpp">
      <Filter>Default</Filter>
    </ClCompile>
    <ClCompile Include="CScriptMgr.cpp" />
    <ClCompile Include="CMissileScript.cpp">
      <Filter>Script</Filter>
    </ClCompile>
    <ClCompile Include="CSceneSaveLoad.cpp" />
    <ClCompile Include="CRigidBodyScript.cpp">
      <Filter>Script\01. Physics\RigidBody</Filter>
    </ClCompile>
    <ClCompile Include="CGravityScript.cpp">
      <Filter>Script\01. Physics\Gravity</Filter>
    </ClCompile>
    <ClCompile Include="CCameraMoveScript.cpp">
      <Filter>Script\02. UI\Camera</Filter>
    </ClCompile>
    <ClCompile Include="CCursorScript.cpp">
      <Filter>Script\02. UI\Cursor</Filter>
    </ClCompile>
    <ClCompile Include="CPlayerScript.cpp">
      <Filter>Script\03. Object\Player</Filter>
    </ClCompile>
    <ClCompile Include="CGroundScript.cpp">
      <Filter>Script\03. Object\Ground</Filter>
    </ClCompile>
    <ClCompile Include="CPaperBurnScript.cpp">
      <Filter>Script\04. Effect\PaperBurn</Filter>
    </ClCompile>
    <ClCompile Include="CBackGroundScript.cpp">
      <Filter>Script\03. Object\BackGround</Filter>
    </ClCompile>
    <ClCompile Include="CameraPlayerMoveScript.cpp">
      <Filter>Script\02. UI\Camera</Filter>
    </ClCompile>
    <ClCompile Include="CDamageScript.cpp">
      <Filter>Script\03. Object\Damage</Filter>
    </ClCompile>
    <ClCompile Include="CAIScript.cpp">
      <Filter>Script\05. State\AI</Filter>
    </ClCompile>
    <ClCompile Include="CStateScript.cpp">
      <Filter>Script\05. State</Filter>
    </ClCompile>
    <ClCompile Include="CIdleStateScript.cpp">
      <Filter>Script\05. State\Idle</Filter>
    </ClCompile>
    <ClCompile Include="CTraceStateScript.cpp">
      <Filter>Script\05. State\Trace</Filter>
    </ClCompile>
    <ClCompile Include="CMonsterScript.cpp">
      <Filter>Script\03. Object\Monster</Filter>
    </ClCompile>
    <ClCompile Include="CMonsterFactoryScript.cpp">
      <Filter>Script\03. Object\Monster\MonsterFactory</Filter>
    </ClCompile>
    <ClCompile Include="CAttackStateScript.cpp">
      <Filter>Script\05. State\Attack</Filter>
    </ClCompile>
    <ClCompile Include="CDeadStateScript.cpp">
      <Filter>Script\05. State\Dead</Filter>
    </ClCompile>
    <ClCompile Include="CPatrolStateScript.cpp">
      <Filter>Script\05. State\Patrol</Filter>
    </ClCompile>
    <ClCompile Include="CBasicBallScript.cpp">
      <Filter>Script\03. Object\Ball\BasicBall</Filter>
    </ClCompile>
    <ClCompile Include="CDoubleJumpScript.cpp">
      <Filter>Script\03. Object\DoubleJumpEff</Filter>
    </ClCompile>
  </ItemGroup>
</Project>