<?xml version="1.0" encoding="utf-8"?>
<Project ToolsVersion="4.0" xmlns="http://schemas.microsoft.com/developer/msbuild/2003">
  <ItemGroup>
    <Filter Include="Default">
      <UniqueIdentifier>{e9a9f7d0-7ea7-407c-bacf-98815978ff46}</UniqueIdentifier>
    </Filter>
    <Filter Include="Script">
      <UniqueIdentifier>{cce46bde-f316-4bc1-b36a-2c6805b1f2e3}</UniqueIdentifier>
    </Filter>
    <Filter Include="Script\02. UI">
      <UniqueIdentifier>{fc9f9799-2a54-4fd6-8369-148af1c8926d}</UniqueIdentifier>
    </Filter>
    <Filter Include="Script\02. UI\Camera">
      <UniqueIdentifier>{fc87b424-a756-4f25-aa92-1b8b7e3fe108}</UniqueIdentifier>
    </Filter>
    <Filter Include="Script\02. UI\Cursor">
      <UniqueIdentifier>{7a80adb0-028b-48d4-8d0b-57a745a17909}</UniqueIdentifier>
    </Filter>
    <Filter Include="Script\01. Physics">
      <UniqueIdentifier>{aecf24a1-a3a1-40f6-8c30-f51d868ddb7d}</UniqueIdentifier>
    </Filter>
    <Filter Include="Script\01. Physics\Gravity">
      <UniqueIdentifier>{98d1ff0c-8a00-4a82-9198-cf3991f9b615}</UniqueIdentifier>
    </Filter>
    <Filter Include="Script\01. Physics\RigidBody">
      <UniqueIdentifier>{c8f12fca-2f06-47e6-bd07-23856914e664}</UniqueIdentifier>
    </Filter>
    <Filter Include="Script\03. Object">
      <UniqueIdentifier>{bd66da74-078f-4138-a1cb-edd2ddb0d73b}</UniqueIdentifier>
    </Filter>
    <Filter Include="Script\03. Object\Player">
      <UniqueIdentifier>{16f1095f-00d4-42d7-8ed5-f084af8e40c4}</UniqueIdentifier>
    </Filter>
    <Filter Include="Script\03. Object\Monster">
      <UniqueIdentifier>{27a4a56a-4697-447f-9210-72e620d3213d}</UniqueIdentifier>
    </Filter>
    <Filter Include="Script\03. Object\Ground">
      <UniqueIdentifier>{bee3c3a9-693f-4b3a-923a-bd8050bc2388}</UniqueIdentifier>
    </Filter>
    <Filter Include="Script\03. Object\Ball">
      <UniqueIdentifier>{e4f636f9-dab4-4354-8283-91b585d4bc87}</UniqueIdentifier>
    </Filter>
    <Filter Include="Script\04. Effect">
      <UniqueIdentifier>{aa9d4192-9a14-4af8-b5d9-53c5814d9edc}</UniqueIdentifier>
    </Filter>
    <Filter Include="Script\04. Effect\PaperBurn">
      <UniqueIdentifier>{496344d4-acd8-4f89-a001-a6a0b3be0bb5}</UniqueIdentifier>
    </Filter>
  </ItemGroup>
  <ItemGroup>
    <ClInclude Include="framework.h">
      <Filter>Default</Filter>
    </ClInclude>
    <ClInclude Include="pch.h">
      <Filter>Default</Filter>
    </ClInclude>
    <ClInclude Include="CScriptMgr.h" />
    <ClInclude Include="CMissileScript.h">
      <Filter>Script</Filter>
    </ClInclude>
    <ClInclude Include="CSceneSaveLoad.h" />
    <ClInclude Include="CRigidBodyScript.h">
      <Filter>Script\01. Physics\RigidBody</Filter>
    </ClInclude>
    <ClInclude Include="CGravityScript.h">
      <Filter>Script\01. Physics\Gravity</Filter>
    </ClInclude>
    <ClInclude Include="CCameraMoveScript.h">
      <Filter>Script\02. UI\Camera</Filter>
    </ClInclude>
    <ClInclude Include="CCursorScript.h">
      <Filter>Script\02. UI\Cursor</Filter>
    </ClInclude>
    <ClInclude Include="CPlayerScript.h">
      <Filter>Script\03. Object\Player</Filter>
    </ClInclude>
    <ClInclude Include="CGroundScript.h">
      <Filter>Script\03. Object\Ground</Filter>
    </ClInclude>
    <ClInclude Include="CPaperBurnScript.h">
      <Filter>Script\04. Effect\PaperBurn</Filter>
    </ClInclude>
  </ItemGroup>
  <ItemGroup>
    <ClCompile Include="pch.cpp">
      <Filter>Default</Filter>
    </ClCompile>
    <ClCompile Include="Script.cpp">
      <Filter>Default</Filter>
    </ClCompile>
    <ClCompile Include="CScriptMgr.cpp" />
    <ClCompile Include="CMissileScript.cpp">
      <Filter>Script</Filter>
    </ClCompile>
    <ClCompile Include="CSceneSaveLoad.cpp" />
    <ClCompile Include="CRigidBodyScript.cpp">
      <Filter>Script\01. Physics\RigidBody</Filter>
    </ClCompile>
    <ClCompile Include="CGravityScript.cpp">
      <Filter>Script\01. Physics\Gravity</Filter>
    </ClCompile>
    <ClCompile Include="CCameraMoveScript.cpp">
      <Filter>Script\02. UI\Camera</Filter>
    </ClCompile>
    <ClCompile Include="CCursorScript.cpp">
      <Filter>Script\02. UI\Cursor</Filter>
    </ClCompile>
    <ClCompile Include="CPlayerScript.cpp">
      <Filter>Script\03. Object\Player</Filter>
    </ClCompile>
    <ClCompile Include="CGroundScript.cpp">
      <Filter>Script\03. Object\Ground</Filter>
    </ClCompile>
    <ClCompile Include="CPaperBurnScript.cpp">
      <Filter>Script\04. Effect\PaperBurn</Filter>
    </ClCompile>
  </ItemGroup>
</Project>